
Microsoft Visual Studio Solution File, Format Version 12.00
# Visual Studio Version 17
VisualStudioVersion = 17.14.36414.22
MinimumVisualStudioVersion = 10.0.40219.1
Project("{FAE04EC0-301F-11D3-BF4B-00C04F79EFBC}") = "Spireon.Aspire", "Source\Spireon.Aspire\Spireon.Aspire.csproj", "{C689B0B9-5F66-42A1-985F-FE0B7EC432C1}"
EndProject
Project("{FAE04EC0-301F-11D3-BF4B-00C04F79EFBC}") = "Core", "Source\Core\Core.csproj", "{CD969943-E93D-4ABF-8C04-8A3175AB0EAF}"
EndProject
Project("{FAE04EC0-301F-11D3-BF4B-00C04F79EFBC}") = "Demo.ApiService", "Source\Demo.ApiService\Demo.ApiService.csproj", "{3FB26CFF-9690-412D-9E64-4D886839B359}"
EndProject
Project("{FAE04EC0-301F-11D3-BF4B-00C04F79EFBC}") = "Demo.Web", "Source\Demo.Web\Demo.Web.csproj", "{891E58CF-EEF7-4EC2-9699-85E84431B289}"
EndProject
Project("{FAE04EC0-301F-11D3-BF4B-00C04F79EFBC}") = "Spireon.Tests", "Source\Spireon.Tests\Spireon.Tests.csproj", "{2758CC7D-F5CA-4253-A6AE-9789ACEEC393}"
EndProject
Project("{2150E333-8FDC-42A3-9474-1A3956D46DE8}") = "Solution Items", "Solution Items", "{50FA03EB-9816-4E71-A21C-9501FA959120}"
	ProjectSection(SolutionItems) = preProject
		.editorconfig = .editorconfig
		.gitignore = .gitignore
		Directory.Packages.props = Directory.Packages.props
		global.json = global.json
		README.md = README.md
	EndProjectSection
EndProject
Project("{2150E333-8FDC-42A3-9474-1A3956D46DE8}") = "src", "src", "{E4D8FD34-2FB0-45AF-A95B-1E9832FE33E8}"
EndProject
Project("{2150E333-8FDC-42A3-9474-1A3956D46DE8}") = "tests", "tests", "{2BB60246-E806-4A4D-A63A-7BC83110E29F}"
EndProject
Project("{2150E333-8FDC-42A3-9474-1A3956D46DE8}") = "aspire", "aspire", "{525D14F3-9201-4906-B502-1CE92E9B9205}"
EndProject
Project("{2150E333-8FDC-42A3-9474-1A3956D46DE8}") = "demo", "demo", "{D1983D14-84FD-4571-BC38-30F42A5D768C}"
EndProject
Project("{FAE04EC0-301F-11D3-BF4B-00C04F79EFBC}") = "Spireon.API", "Source\Spireon.API\Spireon.API.csproj", "{FD57D5DB-AFB5-A3EA-74D6-047BECCC0344}"
EndProject
Global
	GlobalSection(SolutionConfigurationPlatforms) = preSolution
		Debug|Any CPU = Debug|Any CPU
		Release|Any CPU = Release|Any CPU
	EndGlobalSection
	GlobalSection(ProjectConfigurationPlatforms) = postSolution
		{C689B0B9-5F66-42A1-985F-FE0B7EC432C1}.Debug|Any CPU.ActiveCfg = Debug|Any CPU
		{C689B0B9-5F66-42A1-985F-FE0B7EC432C1}.Debug|Any CPU.Build.0 = Debug|Any CPU
		{C689B0B9-5F66-42A1-985F-FE0B7EC432C1}.Release|Any CPU.ActiveCfg = Release|Any CPU
		{C689B0B9-5F66-42A1-985F-FE0B7EC432C1}.Release|Any CPU.Build.0 = Release|Any CPU
		{CD969943-E93D-4ABF-8C04-8A3175AB0EAF}.Debug|Any CPU.ActiveCfg = Debug|Any CPU
		{CD969943-E93D-4ABF-8C04-8A3175AB0EAF}.Debug|Any CPU.Build.0 = Debug|Any CPU
		{CD969943-E93D-4ABF-8C04-8A3175AB0EAF}.Release|Any CPU.ActiveCfg = Release|Any CPU
		{CD969943-E93D-4ABF-8C04-8A3175AB0EAF}.Release|Any CPU.Build.0 = Release|Any CPU
		{3FB26CFF-9690-412D-9E64-4D886839B359}.Debug|Any CPU.ActiveCfg = Debug|Any CPU
		{3FB26CFF-9690-412D-9E64-4D886839B359}.Debug|Any CPU.Build.0 = Debug|Any CPU
		{3FB26CFF-9690-412D-9E64-4D886839B359}.Release|Any CPU.ActiveCfg = Release|Any CPU
		{3FB26CFF-9690-412D-9E64-4D886839B359}.Release|Any CPU.Build.0 = Release|Any CPU
		{891E58CF-EEF7-4EC2-9699-85E84431B289}.Debug|Any CPU.ActiveCfg = Debug|Any CPU
		{891E58CF-EEF7-4EC2-9699-85E84431B289}.Debug|Any CPU.Build.0 = Debug|Any CPU
		{891E58CF-EEF7-4EC2-9699-85E84431B289}.Release|Any CPU.ActiveCfg = Release|Any CPU
		{891E58CF-EEF7-4EC2-9699-85E84431B289}.Release|Any CPU.Build.0 = Release|Any CPU
		{2758CC7D-F5CA-4253-A6AE-9789ACEEC393}.Debug|Any CPU.ActiveCfg = Debug|Any CPU
		{2758CC7D-F5CA-4253-A6AE-9789ACEEC393}.Debug|Any CPU.Build.0 = Debug|Any CPU
		{2758CC7D-F5CA-4253-A6AE-9789ACEEC393}.Release|Any CPU.ActiveCfg = Release|Any CPU
		{2758CC7D-F5CA-4253-A6AE-9789ACEEC393}.Release|Any CPU.Build.0 = Release|Any CPU
		{FD57D5DB-AFB5-A3EA-74D6-047BECCC0344}.Debug|Any CPU.ActiveCfg = Debug|Any CPU
		{FD57D5DB-AFB5-A3EA-74D6-047BECCC0344}.Debug|Any CPU.Build.0 = Debug|Any CPU
		{FD57D5DB-AFB5-A3EA-74D6-047BECCC0344}.Release|Any CPU.ActiveCfg = Release|Any CPU
		{FD57D5DB-AFB5-A3EA-74D6-047BECCC0344}.Release|Any CPU.Build.0 = Release|Any CPU
	EndGlobalSection
	GlobalSection(SolutionProperties) = preSolution
		HideSolutionNode = FALSE
	EndGlobalSection
	GlobalSection(NestedProjects) = preSolution
		{C689B0B9-5F66-42A1-985F-FE0B7EC432C1} = {525D14F3-9201-4906-B502-1CE92E9B9205}
		{CD969943-E93D-4ABF-8C04-8A3175AB0EAF} = {E4D8FD34-2FB0-45AF-A95B-1E9832FE33E8}
		{3FB26CFF-9690-412D-9E64-4D886839B359} = {D1983D14-84FD-4571-BC38-30F42A5D768C}
		{891E58CF-EEF7-4EC2-9699-85E84431B289} = {D1983D14-84FD-4571-BC38-30F42A5D768C}
		{2758CC7D-F5CA-4253-A6AE-9789ACEEC393} = {2BB60246-E806-4A4D-A63A-7BC83110E29F}
		{2BB60246-E806-4A4D-A63A-7BC83110E29F} = {E4D8FD34-2FB0-45AF-A95B-1E9832FE33E8}
		{525D14F3-9201-4906-B502-1CE92E9B9205} = {E4D8FD34-2FB0-45AF-A95B-1E9832FE33E8}
		{D1983D14-84FD-4571-BC38-30F42A5D768C} = {E4D8FD34-2FB0-45AF-A95B-1E9832FE33E8}
	EndGlobalSection
	GlobalSection(ExtensibilityGlobals) = postSolution
		SolutionGuid = {1D495F04-B8C6-4A03-9987-D8CCA4474964}
	EndGlobalSection
EndGlobal
